// !$*UTF8*$!
{
	archiveVersion = 1;
	classes = {
	};
	objectVersion = 46;
	objects = {

/* Begin PBXBuildFile section */
		260D6753DCF1943BFEB9110D /* Pods_SwiftRestModel.framework in Frameworks */ = {isa = PBXBuildFile; fileRef = 188FA77B63A8A2DA5CC511EC /* Pods_SwiftRestModel.framework */; };
		44DF41A93985B4CD3A4D9884 /* Pods_SwiftRestModelTests.framework in Frameworks */ = {isa = PBXBuildFile; fileRef = E87DF1B9450BDCE01F2EE355 /* Pods_SwiftRestModelTests.framework */; };
		82B5209A1DA8DF6E003C9B8F /* SwiftRestModelTests.swift in Sources */ = {isa = PBXBuildFile; fileRef = 82B520991DA8DF6E003C9B8F /* SwiftRestModelTests.swift */; };
		82D85BA21DA8E1810030C908 /* SwiftRestModel.swift in Sources */ = {isa = PBXBuildFile; fileRef = 82D85BA11DA8E1810030C908 /* SwiftRestModel.swift */; };
		82D85BA31DA8E1810030C908 /* SwiftRestModel.swift in Sources */ = {isa = PBXBuildFile; fileRef = 82D85BA11DA8E1810030C908 /* SwiftRestModel.swift */; };
		82D85BAF1DA8E1CC0030C908 /* AppDelegate.swift in Sources */ = {isa = PBXBuildFile; fileRef = 82D85BA51DA8E1CC0030C908 /* AppDelegate.swift */; };
		82D85BB01DA8E1CC0030C908 /* AppDelegate.swift in Sources */ = {isa = PBXBuildFile; fileRef = 82D85BA51DA8E1CC0030C908 /* AppDelegate.swift */; };
		82D85BB11DA8E1CC0030C908 /* Assets.xcassets in Resources */ = {isa = PBXBuildFile; fileRef = 82D85BA61DA8E1CC0030C908 /* Assets.xcassets */; };
		82D85BB21DA8E1CC0030C908 /* Assets.xcassets in Resources */ = {isa = PBXBuildFile; fileRef = 82D85BA61DA8E1CC0030C908 /* Assets.xcassets */; };
		82D85BB31DA8E1CC0030C908 /* LaunchScreen.storyboard in Resources */ = {isa = PBXBuildFile; fileRef = 82D85BA71DA8E1CC0030C908 /* LaunchScreen.storyboard */; };
		82D85BB41DA8E1CC0030C908 /* LaunchScreen.storyboard in Resources */ = {isa = PBXBuildFile; fileRef = 82D85BA71DA8E1CC0030C908 /* LaunchScreen.storyboard */; };
		82D85BB51DA8E1CC0030C908 /* Main.storyboard in Resources */ = {isa = PBXBuildFile; fileRef = 82D85BA91DA8E1CC0030C908 /* Main.storyboard */; };
		82D85BB61DA8E1CC0030C908 /* Main.storyboard in Resources */ = {isa = PBXBuildFile; fileRef = 82D85BA91DA8E1CC0030C908 /* Main.storyboard */; };
		82D85BB81DA8E1CC0030C908 /* Info.plist in Resources */ = {isa = PBXBuildFile; fileRef = 82D85BAB1DA8E1CC0030C908 /* Info.plist */; };
		82D85BB91DA8E1CC0030C908 /* Post.swift in Sources */ = {isa = PBXBuildFile; fileRef = 82D85BAD1DA8E1CC0030C908 /* Post.swift */; };
		82D85BBA1DA8E1CC0030C908 /* Post.swift in Sources */ = {isa = PBXBuildFile; fileRef = 82D85BAD1DA8E1CC0030C908 /* Post.swift */; };
		82D85BBB1DA8E1CC0030C908 /* ViewController.swift in Sources */ = {isa = PBXBuildFile; fileRef = 82D85BAE1DA8E1CC0030C908 /* ViewController.swift */; };
		82D85BBC1DA8E1CC0030C908 /* ViewController.swift in Sources */ = {isa = PBXBuildFile; fileRef = 82D85BAE1DA8E1CC0030C908 /* ViewController.swift */; };
/* End PBXBuildFile section */

/* Begin PBXContainerItemProxy section */
		82B520961DA8DF6E003C9B8F /* PBXContainerItemProxy */ = {
			isa = PBXContainerItemProxy;
			containerPortal = 82B520791DA8DF6E003C9B8F /* Project object */;
			proxyType = 1;
			remoteGlobalIDString = 82B520801DA8DF6E003C9B8F;
			remoteInfo = SwiftRestModel;
		};
/* End PBXContainerItemProxy section */

/* Begin PBXFileReference section */
		061BE5E73046EC0DE095388B /* Pods-SwiftRestModelTests.release.xcconfig */ = {isa = PBXFileReference; includeInIndex = 1; lastKnownFileType = text.xcconfig; name = "Pods-SwiftRestModelTests.release.xcconfig"; path = "Pods/Target Support Files/Pods-SwiftRestModelTests/Pods-SwiftRestModelTests.release.xcconfig"; sourceTree = "<group>"; };
		188FA77B63A8A2DA5CC511EC /* Pods_SwiftRestModel.framework */ = {isa = PBXFileReference; explicitFileType = wrapper.framework; includeInIndex = 0; path = Pods_SwiftRestModel.framework; sourceTree = BUILT_PRODUCTS_DIR; };
		1F2236342EAF3E772416902A /* Pods-SwiftRestModel.debug.xcconfig */ = {isa = PBXFileReference; includeInIndex = 1; lastKnownFileType = text.xcconfig; name = "Pods-SwiftRestModel.debug.xcconfig"; path = "Pods/Target Support Files/Pods-SwiftRestModel/Pods-SwiftRestModel.debug.xcconfig"; sourceTree = "<group>"; };
		307447C9315804B62F27CE19 /* Pods-SwiftRestModelTests.debug.xcconfig */ = {isa = PBXFileReference; includeInIndex = 1; lastKnownFileType = text.xcconfig; name = "Pods-SwiftRestModelTests.debug.xcconfig"; path = "Pods/Target Support Files/Pods-SwiftRestModelTests/Pods-SwiftRestModelTests.debug.xcconfig"; sourceTree = "<group>"; };
		82B520811DA8DF6E003C9B8F /* SwiftRestModel.app */ = {isa = PBXFileReference; explicitFileType = wrapper.application; includeInIndex = 0; path = SwiftRestModel.app; sourceTree = BUILT_PRODUCTS_DIR; };
		82B520951DA8DF6E003C9B8F /* SwiftRestModelTests.xctest */ = {isa = PBXFileReference; explicitFileType = wrapper.cfbundle; includeInIndex = 0; path = SwiftRestModelTests.xctest; sourceTree = BUILT_PRODUCTS_DIR; };
		82B520991DA8DF6E003C9B8F /* SwiftRestModelTests.swift */ = {isa = PBXFileReference; lastKnownFileType = sourcecode.swift; path = SwiftRestModelTests.swift; sourceTree = "<group>"; };
		82B5209B1DA8DF6E003C9B8F /* Info.plist */ = {isa = PBXFileReference; lastKnownFileType = text.plist.xml; path = Info.plist; sourceTree = "<group>"; };
		82D85BA11DA8E1810030C908 /* SwiftRestModel.swift */ = {isa = PBXFileReference; fileEncoding = 4; lastKnownFileType = sourcecode.swift; path = SwiftRestModel.swift; sourceTree = "<group>"; };
		82D85BA51DA8E1CC0030C908 /* AppDelegate.swift */ = {isa = PBXFileReference; fileEncoding = 4; lastKnownFileType = sourcecode.swift; path = AppDelegate.swift; sourceTree = "<group>"; };
		82D85BA61DA8E1CC0030C908 /* Assets.xcassets */ = {isa = PBXFileReference; lastKnownFileType = folder.assetcatalog; path = Assets.xcassets; sourceTree = "<group>"; };
		82D85BA81DA8E1CC0030C908 /* Base */ = {isa = PBXFileReference; lastKnownFileType = file.storyboard; name = Base; path = Base.lproj/LaunchScreen.storyboard; sourceTree = "<group>"; };
		82D85BAA1DA8E1CC0030C908 /* Base */ = {isa = PBXFileReference; lastKnownFileType = file.storyboard; name = Base; path = Base.lproj/Main.storyboard; sourceTree = "<group>"; };
		82D85BAB1DA8E1CC0030C908 /* Info.plist */ = {isa = PBXFileReference; fileEncoding = 4; lastKnownFileType = text.plist.xml; path = Info.plist; sourceTree = "<group>"; };
		82D85BAD1DA8E1CC0030C908 /* Post.swift */ = {isa = PBXFileReference; fileEncoding = 4; lastKnownFileType = sourcecode.swift; path = Post.swift; sourceTree = "<group>"; };
		82D85BAE1DA8E1CC0030C908 /* ViewController.swift */ = {isa = PBXFileReference; fileEncoding = 4; lastKnownFileType = sourcecode.swift; path = ViewController.swift; sourceTree = "<group>"; };
		DCFBBB949B3D202E0D3162ED /* Pods-SwiftRestModel.release.xcconfig */ = {isa = PBXFileReference; includeInIndex = 1; lastKnownFileType = text.xcconfig; name = "Pods-SwiftRestModel.release.xcconfig"; path = "Pods/Target Support Files/Pods-SwiftRestModel/Pods-SwiftRestModel.release.xcconfig"; sourceTree = "<group>"; };
		E87DF1B9450BDCE01F2EE355 /* Pods_SwiftRestModelTests.framework */ = {isa = PBXFileReference; explicitFileType = wrapper.framework; includeInIndex = 0; path = Pods_SwiftRestModelTests.framework; sourceTree = BUILT_PRODUCTS_DIR; };
/* End PBXFileReference section */

/* Begin PBXFrameworksBuildPhase section */
		82B5207E1DA8DF6E003C9B8F /* Frameworks */ = {
			isa = PBXFrameworksBuildPhase;
			buildActionMask = 2147483647;
			files = (
				260D6753DCF1943BFEB9110D /* Pods_SwiftRestModel.framework in Frameworks */,
			);
			runOnlyForDeploymentPostprocessing = 0;
		};
		82B520921DA8DF6E003C9B8F /* Frameworks */ = {
			isa = PBXFrameworksBuildPhase;
			buildActionMask = 2147483647;
			files = (
				44DF41A93985B4CD3A4D9884 /* Pods_SwiftRestModelTests.framework in Frameworks */,
			);
			runOnlyForDeploymentPostprocessing = 0;
		};
/* End PBXFrameworksBuildPhase section */

/* Begin PBXGroup section */
		813CA1804A5ED6EF99FB5F90 /* Frameworks */ = {
			isa = PBXGroup;
			children = (
				188FA77B63A8A2DA5CC511EC /* Pods_SwiftRestModel.framework */,
				E87DF1B9450BDCE01F2EE355 /* Pods_SwiftRestModelTests.framework */,
			);
			name = Frameworks;
			sourceTree = "<group>";
		};
		82B520781DA8DF6E003C9B8F = {
			isa = PBXGroup;
			children = (
				82D85BA41DA8E1CC0030C908 /* Example */,
				82D85BA01DA8E1810030C908 /* Source */,
				82B520981DA8DF6E003C9B8F /* SwiftRestModelTests */,
				82B520821DA8DF6E003C9B8F /* Products */,
				FF6D5506E6629461C9F48585 /* Pods */,
				813CA1804A5ED6EF99FB5F90 /* Frameworks */,
			);
			sourceTree = "<group>";
		};
		82B520821DA8DF6E003C9B8F /* Products */ = {
			isa = PBXGroup;
			children = (
				82B520811DA8DF6E003C9B8F /* SwiftRestModel.app */,
				82B520951DA8DF6E003C9B8F /* SwiftRestModelTests.xctest */,
			);
			name = Products;
			sourceTree = "<group>";
		};
		82B520981DA8DF6E003C9B8F /* SwiftRestModelTests */ = {
			isa = PBXGroup;
			children = (
				82B520991DA8DF6E003C9B8F /* SwiftRestModelTests.swift */,
				82B5209B1DA8DF6E003C9B8F /* Info.plist */,
			);
			path = SwiftRestModelTests;
			sourceTree = "<group>";
		};
		82D85BA01DA8E1810030C908 /* Source */ = {
			isa = PBXGroup;
			children = (
				82D85BA11DA8E1810030C908 /* SwiftRestModel.swift */,
			);
			name = Source;
			path = ../SRMTest/SwiftRestModel/Source;
			sourceTree = "<group>";
		};
		82D85BA41DA8E1CC0030C908 /* Example */ = {
			isa = PBXGroup;
			children = (
				82D85BA51DA8E1CC0030C908 /* AppDelegate.swift */,
				82D85BA61DA8E1CC0030C908 /* Assets.xcassets */,
				82D85BA71DA8E1CC0030C908 /* LaunchScreen.storyboard */,
				82D85BA91DA8E1CC0030C908 /* Main.storyboard */,
				82D85BAB1DA8E1CC0030C908 /* Info.plist */,
				82D85BAC1DA8E1CC0030C908 /* Models */,
				82D85BAE1DA8E1CC0030C908 /* ViewController.swift */,
			);
			name = Example;
			path = ../SRMTest/SwiftRestModel/Example;
			sourceTree = "<group>";
		};
		82D85BAC1DA8E1CC0030C908 /* Models */ = {
			isa = PBXGroup;
			children = (
				82D85BAD1DA8E1CC0030C908 /* Post.swift */,
			);
			path = Models;
			sourceTree = "<group>";
		};
		FF6D5506E6629461C9F48585 /* Pods */ = {
			isa = PBXGroup;
			children = (
				1F2236342EAF3E772416902A /* Pods-SwiftRestModel.debug.xcconfig */,
				DCFBBB949B3D202E0D3162ED /* Pods-SwiftRestModel.release.xcconfig */,
				307447C9315804B62F27CE19 /* Pods-SwiftRestModelTests.debug.xcconfig */,
				061BE5E73046EC0DE095388B /* Pods-SwiftRestModelTests.release.xcconfig */,
			);
			name = Pods;
			sourceTree = "<group>";
		};
/* End PBXGroup section */

/* Begin PBXNativeTarget section */
		82B520801DA8DF6E003C9B8F /* SwiftRestModel */ = {
			isa = PBXNativeTarget;
			buildConfigurationList = 82B5209E1DA8DF6E003C9B8F /* Build configuration list for PBXNativeTarget "SwiftRestModel" */;
			buildPhases = (
				D272BD3CC5E7581E165C49B3 /* [CP] Check Pods Manifest.lock */,
				82B5207D1DA8DF6E003C9B8F /* Sources */,
				82B5207E1DA8DF6E003C9B8F /* Frameworks */,
				82B5207F1DA8DF6E003C9B8F /* Resources */,
				B5494AA3A4F3D7AF093259D2 /* [CP] Embed Pods Frameworks */,
				816EBDCFD2662D2FFDAA557B /* [CP] Copy Pods Resources */,
			);
			buildRules = (
			);
			dependencies = (
			);
			name = SwiftRestModel;
			productName = SwiftRestModel;
			productReference = 82B520811DA8DF6E003C9B8F /* SwiftRestModel.app */;
			productType = "com.apple.product-type.application";
		};
		82B520941DA8DF6E003C9B8F /* SwiftRestModelTests */ = {
			isa = PBXNativeTarget;
			buildConfigurationList = 82B520A11DA8DF6E003C9B8F /* Build configuration list for PBXNativeTarget "SwiftRestModelTests" */;
			buildPhases = (
				C179571F531F6935E5D33993 /* [CP] Check Pods Manifest.lock */,
				82B520911DA8DF6E003C9B8F /* Sources */,
				82B520921DA8DF6E003C9B8F /* Frameworks */,
				82B520931DA8DF6E003C9B8F /* Resources */,
				66F6333DD054664B98BE3E28 /* [CP] Embed Pods Frameworks */,
				0C748732A4D6FC7BABCA1807 /* [CP] Copy Pods Resources */,
			);
			buildRules = (
			);
			dependencies = (
				82B520971DA8DF6E003C9B8F /* PBXTargetDependency */,
			);
			name = SwiftRestModelTests;
			productName = SwiftRestModelTests;
			productReference = 82B520951DA8DF6E003C9B8F /* SwiftRestModelTests.xctest */;
			productType = "com.apple.product-type.bundle.unit-test";
		};
/* End PBXNativeTarget section */

/* Begin PBXProject section */
		82B520791DA8DF6E003C9B8F /* Project object */ = {
			isa = PBXProject;
			attributes = {
				LastSwiftUpdateCheck = 0800;
				LastUpgradeCheck = 0800;
				ORGANIZATIONNAME = "Juraj Hilje";
				TargetAttributes = {
					82B520801DA8DF6E003C9B8F = {
						CreatedOnToolsVersion = 8.0;
						DevelopmentTeam = RHG7LY4898;
						ProvisioningStyle = Automatic;
					};
					82B520941DA8DF6E003C9B8F = {
						CreatedOnToolsVersion = 8.0;
						DevelopmentTeam = RHG7LY4898;
						ProvisioningStyle = Automatic;
						TestTargetID = 82B520801DA8DF6E003C9B8F;
					};
				};
			};
			buildConfigurationList = 82B5207C1DA8DF6E003C9B8F /* Build configuration list for PBXProject "SwiftRestModel" */;
			compatibilityVersion = "Xcode 3.2";
			developmentRegion = English;
			hasScannedForEncodings = 0;
			knownRegions = (
				en,
				Base,
			);
			mainGroup = 82B520781DA8DF6E003C9B8F;
			productRefGroup = 82B520821DA8DF6E003C9B8F /* Products */;
			projectDirPath = "";
			projectRoot = "";
			targets = (
				82B520801DA8DF6E003C9B8F /* SwiftRestModel */,
				82B520941DA8DF6E003C9B8F /* SwiftRestModelTests */,
			);
		};
/* End PBXProject section */

/* Begin PBXResourcesBuildPhase section */
		82B5207F1DA8DF6E003C9B8F /* Resources */ = {
			isa = PBXResourcesBuildPhase;
			buildActionMask = 2147483647;
			files = (
				82D85BB11DA8E1CC0030C908 /* Assets.xcassets in Resources */,
				82D85BB51DA8E1CC0030C908 /* Main.storyboard in Resources */,
				82D85BB31DA8E1CC0030C908 /* LaunchScreen.storyboard in Resources */,
			);
			runOnlyForDeploymentPostprocessing = 0;
		};
		82B520931DA8DF6E003C9B8F /* Resources */ = {
			isa = PBXResourcesBuildPhase;
			buildActionMask = 2147483647;
			files = (
				82D85BB81DA8E1CC0030C908 /* Info.plist in Resources */,
				82D85BB61DA8E1CC0030C908 /* Main.storyboard in Resources */,
				82D85BB21DA8E1CC0030C908 /* Assets.xcassets in Resources */,
				82D85BB41DA8E1CC0030C908 /* LaunchScreen.storyboard in Resources */,
			);
			runOnlyForDeploymentPostprocessing = 0;
		};
/* End PBXResourcesBuildPhase section */

/* Begin PBXShellScriptBuildPhase section */
		0C748732A4D6FC7BABCA1807 /* [CP] Copy Pods Resources */ = {
			isa = PBXShellScriptBuildPhase;
			buildActionMask = 2147483647;
			files = (
			);
			inputPaths = (
			);
			name = "[CP] Copy Pods Resources";
			outputPaths = (
			);
			runOnlyForDeploymentPostprocessing = 0;
			shellPath = /bin/sh;
			shellScript = "\"${SRCROOT}/Pods/Target Support Files/Pods-SwiftRestModelTests/Pods-SwiftRestModelTests-resources.sh\"\n";
			showEnvVarsInLog = 0;
		};
		66F6333DD054664B98BE3E28 /* [CP] Embed Pods Frameworks */ = {
			isa = PBXShellScriptBuildPhase;
			buildActionMask = 2147483647;
			files = (
			);
			inputPaths = (
			);
			name = "[CP] Embed Pods Frameworks";
			outputPaths = (
			);
			runOnlyForDeploymentPostprocessing = 0;
			shellPath = /bin/sh;
			shellScript = "\"${SRCROOT}/Pods/Target Support Files/Pods-SwiftRestModelTests/Pods-SwiftRestModelTests-frameworks.sh\"\n";
			showEnvVarsInLog = 0;
		};
		816EBDCFD2662D2FFDAA557B /* [CP] Copy Pods Resources */ = {
			isa = PBXShellScriptBuildPhase;
			buildActionMask = 2147483647;
			files = (
			);
			inputPaths = (
			);
			name = "[CP] Copy Pods Resources";
			outputPaths = (
			);
			runOnlyForDeploymentPostprocessing = 0;
			shellPath = /bin/sh;
			shellScript = "\"${SRCROOT}/Pods/Target Support Files/Pods-SwiftRestModel/Pods-SwiftRestModel-resources.sh\"\n";
			showEnvVarsInLog = 0;
		};
		B5494AA3A4F3D7AF093259D2 /* [CP] Embed Pods Frameworks */ = {
			isa = PBXShellScriptBuildPhase;
			buildActionMask = 2147483647;
			files = (
			);
			inputPaths = (
			);
			name = "[CP] Embed Pods Frameworks";
			outputPaths = (
			);
			runOnlyForDeploymentPostprocessing = 0;
			shellPath = /bin/sh;
			shellScript = "\"${SRCROOT}/Pods/Target Support Files/Pods-SwiftRestModel/Pods-SwiftRestModel-frameworks.sh\"\n";
			showEnvVarsInLog = 0;
		};
		C179571F531F6935E5D33993 /* [CP] Check Pods Manifest.lock */ = {
			isa = PBXShellScriptBuildPhase;
			buildActionMask = 2147483647;
			files = (
			);
			inputPaths = (
			);
			name = "[CP] Check Pods Manifest.lock";
			outputPaths = (
			);
			runOnlyForDeploymentPostprocessing = 0;
			shellPath = /bin/sh;
			shellScript = "diff \"${PODS_ROOT}/../Podfile.lock\" \"${PODS_ROOT}/Manifest.lock\" > /dev/null\nif [ $? != 0 ] ; then\n    # print error to STDERR\n    echo \"error: The sandbox is not in sync with the Podfile.lock. Run 'pod install' or update your CocoaPods installation.\" >&2\n    exit 1\nfi\n";
			showEnvVarsInLog = 0;
		};
		D272BD3CC5E7581E165C49B3 /* [CP] Check Pods Manifest.lock */ = {
			isa = PBXShellScriptBuildPhase;
			buildActionMask = 2147483647;
			files = (
			);
			inputPaths = (
			);
			name = "[CP] Check Pods Manifest.lock";
			outputPaths = (
			);
			runOnlyForDeploymentPostprocessing = 0;
			shellPath = /bin/sh;
			shellScript = "diff \"${PODS_ROOT}/../Podfile.lock\" \"${PODS_ROOT}/Manifest.lock\" > /dev/null\nif [ $? != 0 ] ; then\n    # print error to STDERR\n    echo \"error: The sandbox is not in sync with the Podfile.lock. Run 'pod install' or update your CocoaPods installation.\" >&2\n    exit 1\nfi\n";
			showEnvVarsInLog = 0;
		};
/* End PBXShellScriptBuildPhase section */

/* Begin PBXSourcesBuildPhase section */
		82B5207D1DA8DF6E003C9B8F /* Sources */ = {
			isa = PBXSourcesBuildPhase;
			buildActionMask = 2147483647;
			files = (
				82D85BBB1DA8E1CC0030C908 /* ViewController.swift in Sources */,
				82D85BAF1DA8E1CC0030C908 /* AppDelegate.swift in Sources */,
				82D85BA21DA8E1810030C908 /* SwiftRestModel.swift in Sources */,
				82D85BB91DA8E1CC0030C908 /* Post.swift in Sources */,
			);
			runOnlyForDeploymentPostprocessing = 0;
		};
		82B520911DA8DF6E003C9B8F /* Sources */ = {
			isa = PBXSourcesBuildPhase;
			buildActionMask = 2147483647;
			files = (
				82D85BBC1DA8E1CC0030C908 /* ViewController.swift in Sources */,
				82D85BB01DA8E1CC0030C908 /* AppDelegate.swift in Sources */,
				82B5209A1DA8DF6E003C9B8F /* SwiftRestModelTests.swift in Sources */,
				82D85BA31DA8E1810030C908 /* SwiftRestModel.swift in Sources */,
				82D85BBA1DA8E1CC0030C908 /* Post.swift in Sources */,
			);
			runOnlyForDeploymentPostprocessing = 0;
		};
/* End PBXSourcesBuildPhase section */

/* Begin PBXTargetDependency section */
		82B520971DA8DF6E003C9B8F /* PBXTargetDependency */ = {
			isa = PBXTargetDependency;
			target = 82B520801DA8DF6E003C9B8F /* SwiftRestModel */;
			targetProxy = 82B520961DA8DF6E003C9B8F /* PBXContainerItemProxy */;
		};
/* End PBXTargetDependency section */

/* Begin PBXVariantGroup section */
		82D85BA71DA8E1CC0030C908 /* LaunchScreen.storyboard */ = {
			isa = PBXVariantGroup;
			children = (
				82D85BA81DA8E1CC0030C908 /* Base */,
			);
			name = LaunchScreen.storyboard;
			sourceTree = "<group>";
		};
		82D85BA91DA8E1CC0030C908 /* Main.storyboard */ = {
			isa = PBXVariantGroup;
			children = (
				82D85BAA1DA8E1CC0030C908 /* Base */,
			);
			name = Main.storyboard;
			sourceTree = "<group>";
		};
/* End PBXVariantGroup section */

/* Begin XCBuildConfiguration section */
		82B5209C1DA8DF6E003C9B8F /* Debug */ = {
			isa = XCBuildConfiguration;
			buildSettings = {
				ALWAYS_SEARCH_USER_PATHS = NO;
				CLANG_ANALYZER_NONNULL = YES;
				CLANG_CXX_LANGUAGE_STANDARD = "gnu++0x";
				CLANG_CXX_LIBRARY = "libc++";
				CLANG_ENABLE_MODULES = YES;
				CLANG_ENABLE_OBJC_ARC = YES;
				CLANG_WARN_BOOL_CONVERSION = YES;
				CLANG_WARN_CONSTANT_CONVERSION = YES;
				CLANG_WARN_DIRECT_OBJC_ISA_USAGE = YES_ERROR;
				CLANG_WARN_DOCUMENTATION_COMMENTS = YES;
				CLANG_WARN_EMPTY_BODY = YES;
				CLANG_WARN_ENUM_CONVERSION = YES;
				CLANG_WARN_INFINITE_RECURSION = YES;
				CLANG_WARN_INT_CONVERSION = YES;
				CLANG_WARN_OBJC_ROOT_CLASS = YES_ERROR;
				CLANG_WARN_SUSPICIOUS_MOVE = YES;
				CLANG_WARN_SUSPICIOUS_MOVES = YES;
				CLANG_WARN_UNREACHABLE_CODE = YES;
				CLANG_WARN__DUPLICATE_METHOD_MATCH = YES;
				"CODE_SIGN_IDENTITY[sdk=iphoneos*]" = "iPhone Developer";
				COPY_PHASE_STRIP = NO;
				DEBUG_INFORMATION_FORMAT = dwarf;
				ENABLE_STRICT_OBJC_MSGSEND = YES;
				ENABLE_TESTABILITY = YES;
				GCC_C_LANGUAGE_STANDARD = gnu99;
				GCC_DYNAMIC_NO_PIC = NO;
				GCC_NO_COMMON_BLOCKS = YES;
				GCC_OPTIMIZATION_LEVEL = 0;
				GCC_PREPROCESSOR_DEFINITIONS = (
					"DEBUG=1",
					"$(inherited)",
				);
				GCC_WARN_64_TO_32_BIT_CONVERSION = YES;
				GCC_WARN_ABOUT_RETURN_TYPE = YES_ERROR;
				GCC_WARN_UNDECLARED_SELECTOR = YES;
				GCC_WARN_UNINITIALIZED_AUTOS = YES_AGGRESSIVE;
				GCC_WARN_UNUSED_FUNCTION = YES;
				GCC_WARN_UNUSED_VARIABLE = YES;
				IPHONEOS_DEPLOYMENT_TARGET = 9.0;
				MTL_ENABLE_DEBUG_INFO = YES;
				ONLY_ACTIVE_ARCH = YES;
				PRODUCT_MODULE_NAME = SwiftRestModel;
				SDKROOT = iphoneos;
				SWIFT_ACTIVE_COMPILATION_CONDITIONS = DEBUG;
				SWIFT_OPTIMIZATION_LEVEL = "-Onone";
				TARGETED_DEVICE_FAMILY = "1,2";
			};
			name = Debug;
		};
		82B5209D1DA8DF6E003C9B8F /* Release */ = {
			isa = XCBuildConfiguration;
			buildSettings = {
				ALWAYS_SEARCH_USER_PATHS = NO;
				CLANG_ANALYZER_NONNULL = YES;
				CLANG_CXX_LANGUAGE_STANDARD = "gnu++0x";
				CLANG_CXX_LIBRARY = "libc++";
				CLANG_ENABLE_MODULES = YES;
				CLANG_ENABLE_OBJC_ARC = YES;
				CLANG_WARN_BOOL_CONVERSION = YES;
				CLANG_WARN_CONSTANT_CONVERSION = YES;
				CLANG_WARN_DIRECT_OBJC_ISA_USAGE = YES_ERROR;
				CLANG_WARN_DOCUMENTATION_COMMENTS = YES;
				CLANG_WARN_EMPTY_BODY = YES;
				CLANG_WARN_ENUM_CONVERSION = YES;
				CLANG_WARN_INFINITE_RECURSION = YES;
				CLANG_WARN_INT_CONVERSION = YES;
				CLANG_WARN_OBJC_ROOT_CLASS = YES_ERROR;
				CLANG_WARN_SUSPICIOUS_MOVE = YES;
				CLANG_WARN_SUSPICIOUS_MOVES = YES;
				CLANG_WARN_UNREACHABLE_CODE = YES;
				CLANG_WARN__DUPLICATE_METHOD_MATCH = YES;
				"CODE_SIGN_IDENTITY[sdk=iphoneos*]" = "iPhone Developer";
				COPY_PHASE_STRIP = NO;
				DEBUG_INFORMATION_FORMAT = "dwarf-with-dsym";
				ENABLE_NS_ASSERTIONS = NO;
				ENABLE_STRICT_OBJC_MSGSEND = YES;
				GCC_C_LANGUAGE_STANDARD = gnu99;
				GCC_NO_COMMON_BLOCKS = YES;
				GCC_WARN_64_TO_32_BIT_CONVERSION = YES;
				GCC_WARN_ABOUT_RETURN_TYPE = YES_ERROR;
				GCC_WARN_UNDECLARED_SELECTOR = YES;
				GCC_WARN_UNINITIALIZED_AUTOS = YES_AGGRESSIVE;
				GCC_WARN_UNUSED_FUNCTION = YES;
				GCC_WARN_UNUSED_VARIABLE = YES;
				IPHONEOS_DEPLOYMENT_TARGET = 9.0;
				MTL_ENABLE_DEBUG_INFO = NO;
				PRODUCT_MODULE_NAME = SwiftRestModel;
				SDKROOT = iphoneos;
				SWIFT_OPTIMIZATION_LEVEL = "-Owholemodule";
				TARGETED_DEVICE_FAMILY = "1,2";
				VALIDATE_PRODUCT = YES;
			};
			name = Release;
		};
		82B5209F1DA8DF6E003C9B8F /* Debug */ = {
			isa = XCBuildConfiguration;
			baseConfigurationReference = 1F2236342EAF3E772416902A /* Pods-SwiftRestModel.debug.xcconfig */;
			buildSettings = {
				ALWAYS_EMBED_SWIFT_STANDARD_LIBRARIES = YES;
				ASSETCATALOG_COMPILER_APPICON_NAME = AppIcon;
				DEVELOPMENT_TEAM = RHG7LY4898;
				INFOPLIST_FILE = "$(SRCROOT)/../SRMTest/SwiftRestModel/Example/Info.plist";
				IPHONEOS_DEPLOYMENT_TARGET = 9.0;
				LD_RUNPATH_SEARCH_PATHS = "$(inherited) @executable_path/Frameworks";
				PRODUCT_BUNDLE_IDENTIFIER = com.jurajhilje.SwiftRestModel;
				PRODUCT_MODULE_NAME = SwiftRestModel;
				PRODUCT_NAME = "$(TARGET_NAME)";
				SWIFT_VERSION = 3.0;
			};
			name = Debug;
		};
		82B520A01DA8DF6E003C9B8F /* Release */ = {
			isa = XCBuildConfiguration;
			baseConfigurationReference = DCFBBB949B3D202E0D3162ED /* Pods-SwiftRestModel.release.xcconfig */;
			buildSettings = {
				ALWAYS_EMBED_SWIFT_STANDARD_LIBRARIES = YES;
				ASSETCATALOG_COMPILER_APPICON_NAME = AppIcon;
				DEVELOPMENT_TEAM = RHG7LY4898;
				INFOPLIST_FILE = "$(SRCROOT)/../SRMTest/SwiftRestModel/Example/Info.plist";
				IPHONEOS_DEPLOYMENT_TARGET = 9.0;
				LD_RUNPATH_SEARCH_PATHS = "$(inherited) @executable_path/Frameworks";
				PRODUCT_BUNDLE_IDENTIFIER = com.jurajhilje.SwiftRestModel;
				PRODUCT_MODULE_NAME = SwiftRestModel;
				PRODUCT_NAME = "$(TARGET_NAME)";
				SWIFT_VERSION = 3.0;
			};
			name = Release;
		};
		82B520A21DA8DF6E003C9B8F /* Debug */ = {
			isa = XCBuildConfiguration;
			baseConfigurationReference = 307447C9315804B62F27CE19 /* Pods-SwiftRestModelTests.debug.xcconfig */;
			buildSettings = {
				ALWAYS_EMBED_SWIFT_STANDARD_LIBRARIES = YES;
				BUNDLE_LOADER = "$(TEST_HOST)";
				DEVELOPMENT_TEAM = RHG7LY4898;
				INFOPLIST_FILE = SwiftRestModelTests/Info.plist;
				LD_RUNPATH_SEARCH_PATHS = "$(inherited) @executable_path/Frameworks @loader_path/Frameworks";
				PRODUCT_BUNDLE_IDENTIFIER = com.jurajhilje.SwiftRestModelTests;
				PRODUCT_MODULE_NAME = SwiftRestModel;
				PRODUCT_NAME = "$(TARGET_NAME)";
				SWIFT_VERSION = 3.0;
				TEST_HOST = "$(BUILT_PRODUCTS_DIR)/SwiftRestModel.app/SwiftRestModel";
			};
			name = Debug;
		};
		82B520A31DA8DF6E003C9B8F /* Release */ = {
			isa = XCBuildConfiguration;
			baseConfigurationReference = 061BE5E73046EC0DE095388B /* Pods-SwiftRestModelTests.release.xcconfig */;
			buildSettings = {
				ALWAYS_EMBED_SWIFT_STANDARD_LIBRARIES = YES;
				BUNDLE_LOADER = "$(TEST_HOST)";
				DEVELOPMENT_TEAM = RHG7LY4898;
				INFOPLIST_FILE = SwiftRestModelTests/Info.plist;
				LD_RUNPATH_SEARCH_PATHS = "$(inherited) @executable_path/Frameworks @loader_path/Frameworks";
				PRODUCT_BUNDLE_IDENTIFIER = com.jurajhilje.SwiftRestModelTests;
				PRODUCT_MODULE_NAME = SwiftRestModel;
				PRODUCT_NAME = "$(TARGET_NAME)";
				SWIFT_VERSION = 3.0;
				TEST_HOST = "$(BUILT_PRODUCTS_DIR)/SwiftRestModel.app/SwiftRestModel";
			};
			name = Release;
		};
/* End XCBuildConfiguration section */

/* Begin XCConfigurationList section */
		82B5207C1DA8DF6E003C9B8F /* Build configuration list for PBXProject "SwiftRestModel" */ = {
			isa = XCConfigurationList;
			buildConfigurations = (
				82B5209C1DA8DF6E003C9B8F /* Debug */,
				82B5209D1DA8DF6E003C9B8F /* Release */,
			);
			defaultConfigurationIsVisible = 0;
			defaultConfigurationName = Release;
		};
		82B5209E1DA8DF6E003C9B8F /* Build configuration list for PBXNativeTarget "SwiftRestModel" */ = {
			isa = XCConfigurationList;
			buildConfigurations = (
				82B5209F1DA8DF6E003C9B8F /* Debug */,
				82B520A01DA8DF6E003C9B8F /* Release */,
			);
			defaultConfigurationIsVisible = 0;
			defaultConfigurationName = Release;
		};
		82B520A11DA8DF6E003C9B8F /* Build configuration list for PBXNativeTarget "SwiftRestModelTests" */ = {
			isa = XCConfigurationList;
			buildConfigurations = (
				82B520A21DA8DF6E003C9B8F /* Debug */,
				82B520A31DA8DF6E003C9B8F /* Release */,
			);
			defaultConfigurationIsVisible = 0;
			defaultConfigurationName = Release;
		};
/* End XCConfigurationList section */
	};
	rootObject = 82B520791DA8DF6E003C9B8F /* Project object */;
}
