// !$*UTF8*$!
{
	archiveVersion = 1;
	classes = {
	};
	objectVersion = 46;
	objects = {

/* Begin PBXBuildFile section */
		822F2AAF1C5A111800FF7A42 /* AppDelegate.swift in Sources */ = {isa = PBXBuildFile; fileRef = 822F2AA71C5A111800FF7A42 /* AppDelegate.swift */; };
		822F2AB11C5A111800FF7A42 /* Assets.xcassets in Resources */ = {isa = PBXBuildFile; fileRef = 822F2AA81C5A111800FF7A42 /* Assets.xcassets */; };
		822F2AB31C5A111800FF7A42 /* LaunchScreen.storyboard in Resources */ = {isa = PBXBuildFile; fileRef = 822F2AA91C5A111800FF7A42 /* LaunchScreen.storyboard */; };
		822F2AB51C5A111800FF7A42 /* Main.storyboard in Resources */ = {isa = PBXBuildFile; fileRef = 822F2AAB1C5A111800FF7A42 /* Main.storyboard */; };
		822F2AB91C5A111800FF7A42 /* ViewController.swift in Sources */ = {isa = PBXBuildFile; fileRef = 822F2AAE1C5A111800FF7A42 /* ViewController.swift */; };
		822F2ABD1C5A33CF00FF7A42 /* SwiftRestModel.swift in Sources */ = {isa = PBXBuildFile; fileRef = 822F2ABC1C5A33CF00FF7A42 /* SwiftRestModel.swift */; };
		8255A40E1C63636500FE4867 /* Alamofire.framework in Frameworks */ = {isa = PBXBuildFile; fileRef = 8255A40D1C63636500FE4867 /* Alamofire.framework */; };
		8255A4101C63636900FE4867 /* SwiftyJSON.framework in Frameworks */ = {isa = PBXBuildFile; fileRef = 8255A40F1C63636900FE4867 /* SwiftyJSON.framework */; };
		8255A4121C63636D00FE4867 /* HTTPStatusCodes.framework in Frameworks */ = {isa = PBXBuildFile; fileRef = 8255A4111C63636D00FE4867 /* HTTPStatusCodes.framework */; };
		8289F5571C5A37B800DCCE48 /* Post.swift in Sources */ = {isa = PBXBuildFile; fileRef = 8289F5561C5A37B800DCCE48 /* Post.swift */; };
		829012241C5F6F9300C38A05 /* SwiftRestModelTests.swift in Sources */ = {isa = PBXBuildFile; fileRef = 829012231C5F6F9300C38A05 /* SwiftRestModelTests.swift */; };
		82A5F5BD1DA510FC00A4C705 /* Alamofire.framework in Frameworks */ = {isa = PBXBuildFile; fileRef = 82A5F5B91DA510FC00A4C705 /* Alamofire.framework */; };
		82A5F5BE1DA510FC00A4C705 /* HTTPStatusCodes.framework in Frameworks */ = {isa = PBXBuildFile; fileRef = 82A5F5BA1DA510FC00A4C705 /* HTTPStatusCodes.framework */; };
		82A5F5BF1DA510FC00A4C705 /* Pods_Tests.framework in Frameworks */ = {isa = PBXBuildFile; fileRef = 82A5F5BB1DA510FC00A4C705 /* Pods_Tests.framework */; };
		82A5F5C01DA510FC00A4C705 /* SwiftyJSON.framework in Frameworks */ = {isa = PBXBuildFile; fileRef = 82A5F5BC1DA510FC00A4C705 /* SwiftyJSON.framework */; };
		82A5F5C11DA5110600A4C705 /* Alamofire.framework in Frameworks */ = {isa = PBXBuildFile; fileRef = 82A5F5B91DA510FC00A4C705 /* Alamofire.framework */; };
		82A5F5C21DA5110600A4C705 /* Alamofire.framework in Embed Frameworks */ = {isa = PBXBuildFile; fileRef = 82A5F5B91DA510FC00A4C705 /* Alamofire.framework */; settings = {ATTRIBUTES = (CodeSignOnCopy, RemoveHeadersOnCopy, ); }; };
		82A5F5C31DA5110600A4C705 /* HTTPStatusCodes.framework in Frameworks */ = {isa = PBXBuildFile; fileRef = 82A5F5BA1DA510FC00A4C705 /* HTTPStatusCodes.framework */; };
		82A5F5C41DA5110600A4C705 /* HTTPStatusCodes.framework in Embed Frameworks */ = {isa = PBXBuildFile; fileRef = 82A5F5BA1DA510FC00A4C705 /* HTTPStatusCodes.framework */; settings = {ATTRIBUTES = (CodeSignOnCopy, RemoveHeadersOnCopy, ); }; };
		82A5F5C51DA5110600A4C705 /* Pods_Tests.framework in Frameworks */ = {isa = PBXBuildFile; fileRef = 82A5F5BB1DA510FC00A4C705 /* Pods_Tests.framework */; };
		82A5F5C61DA5110600A4C705 /* Pods_Tests.framework in Embed Frameworks */ = {isa = PBXBuildFile; fileRef = 82A5F5BB1DA510FC00A4C705 /* Pods_Tests.framework */; settings = {ATTRIBUTES = (CodeSignOnCopy, RemoveHeadersOnCopy, ); }; };
		82A5F5C71DA5110600A4C705 /* SwiftyJSON.framework in Frameworks */ = {isa = PBXBuildFile; fileRef = 82A5F5BC1DA510FC00A4C705 /* SwiftyJSON.framework */; };
		82A5F5C81DA5110600A4C705 /* SwiftyJSON.framework in Embed Frameworks */ = {isa = PBXBuildFile; fileRef = 82A5F5BC1DA510FC00A4C705 /* SwiftyJSON.framework */; settings = {ATTRIBUTES = (CodeSignOnCopy, RemoveHeadersOnCopy, ); }; };
		D622B12ED9BBC670D0558A3E /* Pods_SwiftRestModel.framework in Frameworks */ = {isa = PBXBuildFile; fileRef = CFCE3307A11E646231E9ACEE /* Pods_SwiftRestModel.framework */; };
		FDF315D581C9A36377ABECB6 /* Pods_Tests.framework in Frameworks */ = {isa = PBXBuildFile; fileRef = A60AA37AD0ECC1EFEA6438FE /* Pods_Tests.framework */; };
/* End PBXBuildFile section */

/* Begin PBXContainerItemProxy section */
		820BEE0D1C5F62660080821F /* PBXContainerItemProxy */ = {
			isa = PBXContainerItemProxy;
			containerPortal = 822F2A791C5A022900FF7A42 /* Project object */;
			proxyType = 1;
			remoteGlobalIDString = 822F2A801C5A022900FF7A42;
			remoteInfo = SwiftRestModel;
		};
/* End PBXContainerItemProxy section */

/* Begin PBXCopyFilesBuildPhase section */
		82A5F5B81DA510DD00A4C705 /* Embed Frameworks */ = {
			isa = PBXCopyFilesBuildPhase;
			buildActionMask = 2147483647;
			dstPath = "";
			dstSubfolderSpec = 10;
			files = (
				82A5F5C81DA5110600A4C705 /* SwiftyJSON.framework in Embed Frameworks */,
				82A5F5C61DA5110600A4C705 /* Pods_Tests.framework in Embed Frameworks */,
				82A5F5C21DA5110600A4C705 /* Alamofire.framework in Embed Frameworks */,
				82A5F5C41DA5110600A4C705 /* HTTPStatusCodes.framework in Embed Frameworks */,
			);
			name = "Embed Frameworks";
			runOnlyForDeploymentPostprocessing = 0;
		};
/* End PBXCopyFilesBuildPhase section */

/* Begin PBXFileReference section */
		19C09AEB1C1D05A8E199F7BB /* Pods-SwiftRestModel.release.xcconfig */ = {isa = PBXFileReference; includeInIndex = 1; lastKnownFileType = text.xcconfig; name = "Pods-SwiftRestModel.release.xcconfig"; path = "Pods/Target Support Files/Pods-SwiftRestModel/Pods-SwiftRestModel.release.xcconfig"; sourceTree = "<group>"; };
		1FA5455CA8A0E0FD1559F635 /* Pods-Tests.release.xcconfig */ = {isa = PBXFileReference; includeInIndex = 1; lastKnownFileType = text.xcconfig; name = "Pods-Tests.release.xcconfig"; path = "Pods/Target Support Files/Pods-Tests/Pods-Tests.release.xcconfig"; sourceTree = "<group>"; };
		32E959358F556BB4B7154110 /* Pods.release.xcconfig */ = {isa = PBXFileReference; includeInIndex = 1; lastKnownFileType = text.xcconfig; name = Pods.release.xcconfig; path = "Pods/Target Support Files/Pods/Pods.release.xcconfig"; sourceTree = "<group>"; };
		488414C5BD8D5ED3F7BD7D03 /* Pods-Tests.debug.xcconfig */ = {isa = PBXFileReference; includeInIndex = 1; lastKnownFileType = text.xcconfig; name = "Pods-Tests.debug.xcconfig"; path = "Pods/Target Support Files/Pods-Tests/Pods-Tests.debug.xcconfig"; sourceTree = "<group>"; };
		820BEE081C5F62660080821F /* Tests.xctest */ = {isa = PBXFileReference; explicitFileType = wrapper.cfbundle; includeInIndex = 0; path = Tests.xctest; sourceTree = BUILT_PRODUCTS_DIR; };
		820BEE0C1C5F62660080821F /* Info.plist */ = {isa = PBXFileReference; lastKnownFileType = text.plist.xml; path = Info.plist; sourceTree = "<group>"; };
		822F2A811C5A022900FF7A42 /* SwiftRestModel.app */ = {isa = PBXFileReference; explicitFileType = wrapper.application; includeInIndex = 0; path = SwiftRestModel.app; sourceTree = BUILT_PRODUCTS_DIR; };
		822F2AA71C5A111800FF7A42 /* AppDelegate.swift */ = {isa = PBXFileReference; fileEncoding = 4; lastKnownFileType = sourcecode.swift; path = AppDelegate.swift; sourceTree = "<group>"; };
		822F2AA81C5A111800FF7A42 /* Assets.xcassets */ = {isa = PBXFileReference; lastKnownFileType = folder.assetcatalog; path = Assets.xcassets; sourceTree = "<group>"; };
		822F2AAA1C5A111800FF7A42 /* Base */ = {isa = PBXFileReference; lastKnownFileType = file.storyboard; name = Base; path = Base.lproj/LaunchScreen.storyboard; sourceTree = "<group>"; };
		822F2AAC1C5A111800FF7A42 /* Base */ = {isa = PBXFileReference; lastKnownFileType = file.storyboard; name = Base; path = Base.lproj/Main.storyboard; sourceTree = "<group>"; };
		822F2AAD1C5A111800FF7A42 /* Info.plist */ = {isa = PBXFileReference; fileEncoding = 4; lastKnownFileType = text.plist.xml; path = Info.plist; sourceTree = "<group>"; };
		822F2AAE1C5A111800FF7A42 /* ViewController.swift */ = {isa = PBXFileReference; fileEncoding = 4; lastKnownFileType = sourcecode.swift; path = ViewController.swift; sourceTree = "<group>"; };
		822F2ABC1C5A33CF00FF7A42 /* SwiftRestModel.swift */ = {isa = PBXFileReference; fileEncoding = 4; lastKnownFileType = sourcecode.swift; path = SwiftRestModel.swift; sourceTree = "<group>"; };
		8255A4051C635FF200FE4867 /* Alamofire.framework */ = {isa = PBXFileReference; lastKnownFileType = wrapper.framework; name = Alamofire.framework; path = "Pods/../build/Debug-iphoneos/Alamofire.framework"; sourceTree = "<group>"; };
		8255A4071C635FF700FE4867 /* HTTPStatusCodes.framework */ = {isa = PBXFileReference; lastKnownFileType = wrapper.framework; name = HTTPStatusCodes.framework; path = "Pods/../build/Debug-iphoneos/HTTPStatusCodes.framework"; sourceTree = "<group>"; };
		8255A4091C635FFB00FE4867 /* SwiftyJSON.framework */ = {isa = PBXFileReference; lastKnownFileType = wrapper.framework; name = SwiftyJSON.framework; path = "Pods/../build/Debug-iphoneos/SwiftyJSON.framework"; sourceTree = "<group>"; };
		8255A40B1C63636200FE4867 /* Pods.framework */ = {isa = PBXFileReference; lastKnownFileType = wrapper.framework; name = Pods.framework; path = "Pods/../build/Debug-iphoneos/Pods.framework"; sourceTree = "<group>"; };
		8255A40D1C63636500FE4867 /* Alamofire.framework */ = {isa = PBXFileReference; lastKnownFileType = wrapper.framework; name = Alamofire.framework; path = "Pods/../build/Debug-iphoneos/Alamofire.framework"; sourceTree = "<group>"; };
		8255A40F1C63636900FE4867 /* SwiftyJSON.framework */ = {isa = PBXFileReference; lastKnownFileType = wrapper.framework; name = SwiftyJSON.framework; path = "Pods/../build/Debug-iphoneos/SwiftyJSON.framework"; sourceTree = "<group>"; };
		8255A4111C63636D00FE4867 /* HTTPStatusCodes.framework */ = {isa = PBXFileReference; lastKnownFileType = wrapper.framework; name = HTTPStatusCodes.framework; path = "Pods/../build/Debug-iphoneos/HTTPStatusCodes.framework"; sourceTree = "<group>"; };
		8289F5561C5A37B800DCCE48 /* Post.swift */ = {isa = PBXFileReference; fileEncoding = 4; lastKnownFileType = sourcecode.swift; path = Post.swift; sourceTree = "<group>"; };
		829012231C5F6F9300C38A05 /* SwiftRestModelTests.swift */ = {isa = PBXFileReference; fileEncoding = 4; lastKnownFileType = sourcecode.swift; path = SwiftRestModelTests.swift; sourceTree = "<group>"; };
		82A5F5B91DA510FC00A4C705 /* Alamofire.framework */ = {isa = PBXFileReference; lastKnownFileType = wrapper.framework; name = Alamofire.framework; path = "../../Library/Developer/Xcode/DerivedData/SwiftRestModel-dprivztiuigdbzdrbunrqexlpijm/Build/Products/Debug-iphonesimulator/Alamofire/Alamofire.framework"; sourceTree = "<group>"; };
		82A5F5BA1DA510FC00A4C705 /* HTTPStatusCodes.framework */ = {isa = PBXFileReference; lastKnownFileType = wrapper.framework; name = HTTPStatusCodes.framework; path = "../../Library/Developer/Xcode/DerivedData/SwiftRestModel-dprivztiuigdbzdrbunrqexlpijm/Build/Products/Debug-iphonesimulator/HTTPStatusCodes/HTTPStatusCodes.framework"; sourceTree = "<group>"; };
		82A5F5BB1DA510FC00A4C705 /* Pods_Tests.framework */ = {isa = PBXFileReference; lastKnownFileType = wrapper.framework; name = Pods_Tests.framework; path = "../../Library/Developer/Xcode/DerivedData/SwiftRestModel-dprivztiuigdbzdrbunrqexlpijm/Build/Products/Debug-iphonesimulator/Pods_Tests.framework"; sourceTree = "<group>"; };
		82A5F5BC1DA510FC00A4C705 /* SwiftyJSON.framework */ = {isa = PBXFileReference; lastKnownFileType = wrapper.framework; name = SwiftyJSON.framework; path = "../../Library/Developer/Xcode/DerivedData/SwiftRestModel-dprivztiuigdbzdrbunrqexlpijm/Build/Products/Debug-iphonesimulator/SwiftyJSON/SwiftyJSON.framework"; sourceTree = "<group>"; };
		8E02E983E7A2442444C67334 /* Pods.framework */ = {isa = PBXFileReference; explicitFileType = wrapper.framework; includeInIndex = 0; path = Pods.framework; sourceTree = BUILT_PRODUCTS_DIR; };
		A60AA37AD0ECC1EFEA6438FE /* Pods_Tests.framework */ = {isa = PBXFileReference; explicitFileType = wrapper.framework; includeInIndex = 0; path = Pods_Tests.framework; sourceTree = BUILT_PRODUCTS_DIR; };
		B059AC4CF30C4E949E4EEC05 /* Pods-SwiftRestModel.debug.xcconfig */ = {isa = PBXFileReference; includeInIndex = 1; lastKnownFileType = text.xcconfig; name = "Pods-SwiftRestModel.debug.xcconfig"; path = "Pods/Target Support Files/Pods-SwiftRestModel/Pods-SwiftRestModel.debug.xcconfig"; sourceTree = "<group>"; };
		CFCE3307A11E646231E9ACEE /* Pods_SwiftRestModel.framework */ = {isa = PBXFileReference; explicitFileType = wrapper.framework; includeInIndex = 0; path = Pods_SwiftRestModel.framework; sourceTree = BUILT_PRODUCTS_DIR; };
		EC8B7D8710FDEDBF5789320F /* Pods.debug.xcconfig */ = {isa = PBXFileReference; includeInIndex = 1; lastKnownFileType = text.xcconfig; name = Pods.debug.xcconfig; path = "Pods/Target Support Files/Pods/Pods.debug.xcconfig"; sourceTree = "<group>"; };
/* End PBXFileReference section */

/* Begin PBXFrameworksBuildPhase section */
		820BEE051C5F62660080821F /* Frameworks */ = {
			isa = PBXFrameworksBuildPhase;
			buildActionMask = 2147483647;
			files = (
				8255A4121C63636D00FE4867 /* HTTPStatusCodes.framework in Frameworks */,
				8255A4101C63636900FE4867 /* SwiftyJSON.framework in Frameworks */,
				8255A40E1C63636500FE4867 /* Alamofire.framework in Frameworks */,
				FDF315D581C9A36377ABECB6 /* Pods_Tests.framework in Frameworks */,
			);
			runOnlyForDeploymentPostprocessing = 0;
		};
		822F2A7E1C5A022900FF7A42 /* Frameworks */ = {
			isa = PBXFrameworksBuildPhase;
			buildActionMask = 2147483647;
			files = (
				82A5F5C51DA5110600A4C705 /* Pods_Tests.framework in Frameworks */,
				82A5F5BD1DA510FC00A4C705 /* Alamofire.framework in Frameworks */,
				82A5F5C71DA5110600A4C705 /* SwiftyJSON.framework in Frameworks */,
				82A5F5C11DA5110600A4C705 /* Alamofire.framework in Frameworks */,
				82A5F5BE1DA510FC00A4C705 /* HTTPStatusCodes.framework in Frameworks */,
				82A5F5BF1DA510FC00A4C705 /* Pods_Tests.framework in Frameworks */,
				82A5F5C01DA510FC00A4C705 /* SwiftyJSON.framework in Frameworks */,
				D622B12ED9BBC670D0558A3E /* Pods_SwiftRestModel.framework in Frameworks */,
				82A5F5C31DA5110600A4C705 /* HTTPStatusCodes.framework in Frameworks */,
			);
			runOnlyForDeploymentPostprocessing = 0;
		};
/* End PBXFrameworksBuildPhase section */

/* Begin PBXGroup section */
		79BD9747B10854FF2AF4639E /* Frameworks */ = {
			isa = PBXGroup;
			children = (
				82A5F5B91DA510FC00A4C705 /* Alamofire.framework */,
				82A5F5BA1DA510FC00A4C705 /* HTTPStatusCodes.framework */,
				82A5F5BB1DA510FC00A4C705 /* Pods_Tests.framework */,
				82A5F5BC1DA510FC00A4C705 /* SwiftyJSON.framework */,
				8255A4111C63636D00FE4867 /* HTTPStatusCodes.framework */,
				8255A40F1C63636900FE4867 /* SwiftyJSON.framework */,
				8255A40D1C63636500FE4867 /* Alamofire.framework */,
				8255A40B1C63636200FE4867 /* Pods.framework */,
				8255A4091C635FFB00FE4867 /* SwiftyJSON.framework */,
				8255A4071C635FF700FE4867 /* HTTPStatusCodes.framework */,
				8255A4051C635FF200FE4867 /* Alamofire.framework */,
				8E02E983E7A2442444C67334 /* Pods.framework */,
				CFCE3307A11E646231E9ACEE /* Pods_SwiftRestModel.framework */,
				A60AA37AD0ECC1EFEA6438FE /* Pods_Tests.framework */,
			);
			name = Frameworks;
			sourceTree = "<group>";
		};
		820BEE091C5F62660080821F /* Tests */ = {
			isa = PBXGroup;
			children = (
				829012231C5F6F9300C38A05 /* SwiftRestModelTests.swift */,
				820BEE0C1C5F62660080821F /* Info.plist */,
			);
			path = Tests;
			sourceTree = "<group>";
		};
		822F2A781C5A022900FF7A42 = {
			isa = PBXGroup;
			children = (
				822F2ABB1C5A33CF00FF7A42 /* Source */,
				822F2AA61C5A111800FF7A42 /* Example */,
				820BEE091C5F62660080821F /* Tests */,
				822F2A821C5A022900FF7A42 /* Products */,
				C77E4340225F09D73F8909B4 /* Pods */,
				79BD9747B10854FF2AF4639E /* Frameworks */,
			);
			sourceTree = "<group>";
		};
		822F2A821C5A022900FF7A42 /* Products */ = {
			isa = PBXGroup;
			children = (
				822F2A811C5A022900FF7A42 /* SwiftRestModel.app */,
				820BEE081C5F62660080821F /* Tests.xctest */,
			);
			name = Products;
			sourceTree = "<group>";
		};
		822F2AA61C5A111800FF7A42 /* Example */ = {
			isa = PBXGroup;
			children = (
				8289F5551C5A379D00DCCE48 /* Models */,
				822F2AA71C5A111800FF7A42 /* AppDelegate.swift */,
				822F2AA81C5A111800FF7A42 /* Assets.xcassets */,
				822F2AA91C5A111800FF7A42 /* LaunchScreen.storyboard */,
				822F2AAB1C5A111800FF7A42 /* Main.storyboard */,
				822F2AAD1C5A111800FF7A42 /* Info.plist */,
				822F2AAE1C5A111800FF7A42 /* ViewController.swift */,
			);
			path = Example;
			sourceTree = "<group>";
		};
		822F2ABB1C5A33CF00FF7A42 /* Source */ = {
			isa = PBXGroup;
			children = (
				822F2ABC1C5A33CF00FF7A42 /* SwiftRestModel.swift */,
			);
			path = Source;
			sourceTree = "<group>";
		};
		8289F5551C5A379D00DCCE48 /* Models */ = {
			isa = PBXGroup;
			children = (
				8289F5561C5A37B800DCCE48 /* Post.swift */,
			);
			path = Models;
			sourceTree = "<group>";
		};
		C77E4340225F09D73F8909B4 /* Pods */ = {
			isa = PBXGroup;
			children = (
				EC8B7D8710FDEDBF5789320F /* Pods.debug.xcconfig */,
				32E959358F556BB4B7154110 /* Pods.release.xcconfig */,
				B059AC4CF30C4E949E4EEC05 /* Pods-SwiftRestModel.debug.xcconfig */,
				19C09AEB1C1D05A8E199F7BB /* Pods-SwiftRestModel.release.xcconfig */,
				488414C5BD8D5ED3F7BD7D03 /* Pods-Tests.debug.xcconfig */,
				1FA5455CA8A0E0FD1559F635 /* Pods-Tests.release.xcconfig */,
			);
			name = Pods;
			sourceTree = "<group>";
		};
/* End PBXGroup section */

/* Begin PBXNativeTarget section */
		820BEE071C5F62660080821F /* Tests */ = {
			isa = PBXNativeTarget;
			buildConfigurationList = 820BEE0F1C5F62660080821F /* Build configuration list for PBXNativeTarget "Tests" */;
			buildPhases = (
				429ADB873B2327E3343DFE02 /* [CP] Check Pods Manifest.lock */,
				820BEE041C5F62660080821F /* Sources */,
				820BEE051C5F62660080821F /* Frameworks */,
				820BEE061C5F62660080821F /* Resources */,
				587D3C23E3BEB2687DCFA207 /* [CP] Embed Pods Frameworks */,
				E33040D4540D47A7B52A976F /* [CP] Copy Pods Resources */,
			);
			buildRules = (
			);
			dependencies = (
				820BEE0E1C5F62660080821F /* PBXTargetDependency */,
			);
			name = Tests;
			productName = Tests;
			productReference = 820BEE081C5F62660080821F /* Tests.xctest */;
			productType = "com.apple.product-type.bundle.unit-test";
		};
		822F2A801C5A022900FF7A42 /* SwiftRestModel */ = {
			isa = PBXNativeTarget;
			buildConfigurationList = 822F2A9E1C5A022900FF7A42 /* Build configuration list for PBXNativeTarget "SwiftRestModel" */;
			buildPhases = (
				86A032119481BB0A9F453F91 /* [CP] Check Pods Manifest.lock */,
				822F2A7D1C5A022900FF7A42 /* Sources */,
				822F2A7E1C5A022900FF7A42 /* Frameworks */,
				822F2A7F1C5A022900FF7A42 /* Resources */,
				F246C3E1F49A6B9951DF43DB /* [CP] Embed Pods Frameworks */,
				A0085285BC6EDADFBAF3F5FD /* [CP] Copy Pods Resources */,
				82A5F5B81DA510DD00A4C705 /* Embed Frameworks */,
			);
			buildRules = (
			);
			dependencies = (
			);
			name = SwiftRestModel;
			productName = SwiftRestModel;
			productReference = 822F2A811C5A022900FF7A42 /* SwiftRestModel.app */;
			productType = "com.apple.product-type.application";
		};
/* End PBXNativeTarget section */

/* Begin PBXProject section */
		822F2A791C5A022900FF7A42 /* Project object */ = {
			isa = PBXProject;
			attributes = {
				LastSwiftUpdateCheck = 0720;
				LastUpgradeCheck = 0800;
				ORGANIZATIONNAME = "Juraj Hilje";
				TargetAttributes = {
					820BEE071C5F62660080821F = {
						CreatedOnToolsVersion = 7.2;
						LastSwiftMigration = 0800;
						TestTargetID = 822F2A801C5A022900FF7A42;
					};
					822F2A801C5A022900FF7A42 = {
						CreatedOnToolsVersion = 7.2;
						DevelopmentTeam = RHG7LY4898;
						LastSwiftMigration = 0800;
					};
				};
			};
			buildConfigurationList = 822F2A7C1C5A022900FF7A42 /* Build configuration list for PBXProject "SwiftRestModel" */;
			compatibilityVersion = "Xcode 3.2";
			developmentRegion = English;
			hasScannedForEncodings = 0;
			knownRegions = (
				en,
				Base,
			);
			mainGroup = 822F2A781C5A022900FF7A42;
			productRefGroup = 822F2A821C5A022900FF7A42 /* Products */;
			projectDirPath = "";
			projectRoot = "";
			targets = (
				822F2A801C5A022900FF7A42 /* SwiftRestModel */,
				820BEE071C5F62660080821F /* Tests */,
			);
		};
/* End PBXProject section */

/* Begin PBXResourcesBuildPhase section */
		820BEE061C5F62660080821F /* Resources */ = {
			isa = PBXResourcesBuildPhase;
			buildActionMask = 2147483647;
			files = (
			);
			runOnlyForDeploymentPostprocessing = 0;
		};
		822F2A7F1C5A022900FF7A42 /* Resources */ = {
			isa = PBXResourcesBuildPhase;
			buildActionMask = 2147483647;
			files = (
				822F2AB51C5A111800FF7A42 /* Main.storyboard in Resources */,
				822F2AB11C5A111800FF7A42 /* Assets.xcassets in Resources */,
				822F2AB31C5A111800FF7A42 /* LaunchScreen.storyboard in Resources */,
			);
			runOnlyForDeploymentPostprocessing = 0;
		};
/* End PBXResourcesBuildPhase section */

/* Begin PBXShellScriptBuildPhase section */
		429ADB873B2327E3343DFE02 /* [CP] Check Pods Manifest.lock */ = {
			isa = PBXShellScriptBuildPhase;
			buildActionMask = 2147483647;
			files = (
			);
			inputPaths = (
			);
			name = "[CP] Check Pods Manifest.lock";
			outputPaths = (
			);
			runOnlyForDeploymentPostprocessing = 0;
			shellPath = /bin/sh;
			shellScript = "diff \"${PODS_ROOT}/../Podfile.lock\" \"${PODS_ROOT}/Manifest.lock\" > /dev/null\nif [ $? != 0 ] ; then\n    # print error to STDERR\n    echo \"error: The sandbox is not in sync with the Podfile.lock. Run 'pod install' or update your CocoaPods installation.\" >&2\n    exit 1\nfi\n";
			showEnvVarsInLog = 0;
		};
		587D3C23E3BEB2687DCFA207 /* [CP] Embed Pods Frameworks */ = {
			isa = PBXShellScriptBuildPhase;
			buildActionMask = 2147483647;
			files = (
			);
			inputPaths = (
			);
			name = "[CP] Embed Pods Frameworks";
			outputPaths = (
			);
			runOnlyForDeploymentPostprocessing = 0;
			shellPath = /bin/sh;
			shellScript = "\"${SRCROOT}/Pods/Target Support Files/Pods-Tests/Pods-Tests-frameworks.sh\"\n";
			showEnvVarsInLog = 0;
		};
		86A032119481BB0A9F453F91 /* [CP] Check Pods Manifest.lock */ = {
			isa = PBXShellScriptBuildPhase;
			buildActionMask = 2147483647;
			files = (
			);
			inputPaths = (
			);
			name = "[CP] Check Pods Manifest.lock";
			outputPaths = (
			);
			runOnlyForDeploymentPostprocessing = 0;
			shellPath = /bin/sh;
			shellScript = "diff \"${PODS_ROOT}/../Podfile.lock\" \"${PODS_ROOT}/Manifest.lock\" > /dev/null\nif [ $? != 0 ] ; then\n    # print error to STDERR\n    echo \"error: The sandbox is not in sync with the Podfile.lock. Run 'pod install' or update your CocoaPods installation.\" >&2\n    exit 1\nfi\n";
			showEnvVarsInLog = 0;
		};
		A0085285BC6EDADFBAF3F5FD /* [CP] Copy Pods Resources */ = {
			isa = PBXShellScriptBuildPhase;
			buildActionMask = 2147483647;
			files = (
			);
			inputPaths = (
			);
			name = "[CP] Copy Pods Resources";
			outputPaths = (
			);
			runOnlyForDeploymentPostprocessing = 0;
			shellPath = /bin/sh;
			shellScript = "\"${SRCROOT}/Pods/Target Support Files/Pods-SwiftRestModel/Pods-SwiftRestModel-resources.sh\"\n";
			showEnvVarsInLog = 0;
		};
		E33040D4540D47A7B52A976F /* [CP] Copy Pods Resources */ = {
			isa = PBXShellScriptBuildPhase;
			buildActionMask = 2147483647;
			files = (
			);
			inputPaths = (
			);
			name = "[CP] Copy Pods Resources";
			outputPaths = (
			);
			runOnlyForDeploymentPostprocessing = 0;
			shellPath = /bin/sh;
			shellScript = "\"${SRCROOT}/Pods/Target Support Files/Pods-Tests/Pods-Tests-resources.sh\"\n";
			showEnvVarsInLog = 0;
		};
		F246C3E1F49A6B9951DF43DB /* [CP] Embed Pods Frameworks */ = {
			isa = PBXShellScriptBuildPhase;
			buildActionMask = 2147483647;
			files = (
			);
			inputPaths = (
			);
			name = "[CP] Embed Pods Frameworks";
			outputPaths = (
			);
			runOnlyForDeploymentPostprocessing = 0;
			shellPath = /bin/sh;
			shellScript = "\"${SRCROOT}/Pods/Target Support Files/Pods-SwiftRestModel/Pods-SwiftRestModel-frameworks.sh\"\n";
			showEnvVarsInLog = 0;
		};
/* End PBXShellScriptBuildPhase section */

/* Begin PBXSourcesBuildPhase section */
		820BEE041C5F62660080821F /* Sources */ = {
			isa = PBXSourcesBuildPhase;
			buildActionMask = 2147483647;
			files = (
				829012241C5F6F9300C38A05 /* SwiftRestModelTests.swift in Sources */,
			);
			runOnlyForDeploymentPostprocessing = 0;
		};
		822F2A7D1C5A022900FF7A42 /* Sources */ = {
			isa = PBXSourcesBuildPhase;
			buildActionMask = 2147483647;
			files = (
				822F2AB91C5A111800FF7A42 /* ViewController.swift in Sources */,
				822F2AAF1C5A111800FF7A42 /* AppDelegate.swift in Sources */,
				822F2ABD1C5A33CF00FF7A42 /* SwiftRestModel.swift in Sources */,
				8289F5571C5A37B800DCCE48 /* Post.swift in Sources */,
			);
			runOnlyForDeploymentPostprocessing = 0;
		};
/* End PBXSourcesBuildPhase section */

/* Begin PBXTargetDependency section */
		820BEE0E1C5F62660080821F /* PBXTargetDependency */ = {
			isa = PBXTargetDependency;
			target = 822F2A801C5A022900FF7A42 /* SwiftRestModel */;
			targetProxy = 820BEE0D1C5F62660080821F /* PBXContainerItemProxy */;
		};
/* End PBXTargetDependency section */

/* Begin PBXVariantGroup section */
		822F2AA91C5A111800FF7A42 /* LaunchScreen.storyboard */ = {
			isa = PBXVariantGroup;
			children = (
				822F2AAA1C5A111800FF7A42 /* Base */,
			);
			name = LaunchScreen.storyboard;
			sourceTree = "<group>";
		};
		822F2AAB1C5A111800FF7A42 /* Main.storyboard */ = {
			isa = PBXVariantGroup;
			children = (
				822F2AAC1C5A111800FF7A42 /* Base */,
			);
			name = Main.storyboard;
			sourceTree = "<group>";
		};
/* End PBXVariantGroup section */

/* Begin XCBuildConfiguration section */
		820BEE101C5F62660080821F /* Debug */ = {
			isa = XCBuildConfiguration;
			baseConfigurationReference = 488414C5BD8D5ED3F7BD7D03 /* Pods-Tests.debug.xcconfig */;
			buildSettings = {
				ALWAYS_EMBED_SWIFT_STANDARD_LIBRARIES = YES;
				BUNDLE_LOADER = "$(TEST_HOST)";
				FRAMEWORK_SEARCH_PATHS = "$(inherited)";
				INFOPLIST_FILE = Tests/Info.plist;
				LD_RUNPATH_SEARCH_PATHS = "$(inherited) @executable_path/Frameworks @loader_path/Frameworks";
				PRODUCT_BUNDLE_IDENTIFIER = com.jurajhilje.Tests;
				PRODUCT_NAME = "$(TARGET_NAME)";
				SWIFT_VERSION = 3.0;
				TEST_HOST = "$(BUILT_PRODUCTS_DIR)/SwiftRestModel.app/SwiftRestModel";
			};
			name = Debug;
		};
		820BEE111C5F62660080821F /* Release */ = {
			isa = XCBuildConfiguration;
			baseConfigurationReference = 1FA5455CA8A0E0FD1559F635 /* Pods-Tests.release.xcconfig */;
			buildSettings = {
				ALWAYS_EMBED_SWIFT_STANDARD_LIBRARIES = YES;
				BUNDLE_LOADER = "$(TEST_HOST)";
				FRAMEWORK_SEARCH_PATHS = "$(inherited)";
				INFOPLIST_FILE = Tests/Info.plist;
				LD_RUNPATH_SEARCH_PATHS = "$(inherited) @executable_path/Frameworks @loader_path/Frameworks";
				PRODUCT_BUNDLE_IDENTIFIER = com.jurajhilje.Tests;
				PRODUCT_NAME = "$(TARGET_NAME)";
				SWIFT_VERSION = 3.0;
				TEST_HOST = "$(BUILT_PRODUCTS_DIR)/SwiftRestModel.app/SwiftRestModel";
			};
			name = Release;
		};
		822F2A9C1C5A022900FF7A42 /* Debug */ = {
			isa = XCBuildConfiguration;
			buildSettings = {
				ALWAYS_SEARCH_USER_PATHS = NO;
				CLANG_CXX_LANGUAGE_STANDARD = "gnu++0x";
				CLANG_CXX_LIBRARY = "libc++";
				CLANG_ENABLE_MODULES = YES;
				CLANG_ENABLE_OBJC_ARC = YES;
				CLANG_WARN_BOOL_CONVERSION = YES;
				CLANG_WARN_CONSTANT_CONVERSION = YES;
				CLANG_WARN_DIRECT_OBJC_ISA_USAGE = YES_ERROR;
				CLANG_WARN_EMPTY_BODY = YES;
				CLANG_WARN_ENUM_CONVERSION = YES;
				CLANG_WARN_INFINITE_RECURSION = YES;
				CLANG_WARN_INT_CONVERSION = YES;
				CLANG_WARN_OBJC_ROOT_CLASS = YES_ERROR;
				CLANG_WARN_SUSPICIOUS_MOVE = YES;
				CLANG_WARN_UNREACHABLE_CODE = YES;
				CLANG_WARN__DUPLICATE_METHOD_MATCH = YES;
				"CODE_SIGN_IDENTITY[sdk=iphoneos*]" = "iPhone Developer";
				COPY_PHASE_STRIP = NO;
				DEBUG_INFORMATION_FORMAT = dwarf;
				ENABLE_STRICT_OBJC_MSGSEND = YES;
				ENABLE_TESTABILITY = YES;
				GCC_C_LANGUAGE_STANDARD = gnu99;
				GCC_DYNAMIC_NO_PIC = NO;
				GCC_NO_COMMON_BLOCKS = YES;
				GCC_OPTIMIZATION_LEVEL = 0;
				GCC_PREPROCESSOR_DEFINITIONS = (
					"DEBUG=1",
					"$(inherited)",
				);
				GCC_WARN_64_TO_32_BIT_CONVERSION = YES;
				GCC_WARN_ABOUT_RETURN_TYPE = YES_ERROR;
				GCC_WARN_UNDECLARED_SELECTOR = YES;
				GCC_WARN_UNINITIALIZED_AUTOS = YES_AGGRESSIVE;
				GCC_WARN_UNUSED_FUNCTION = YES;
				GCC_WARN_UNUSED_VARIABLE = YES;
				IPHONEOS_DEPLOYMENT_TARGET = 9.3;
				MTL_ENABLE_DEBUG_INFO = YES;
				ONLY_ACTIVE_ARCH = YES;
				SDKROOT = iphoneos;
				SWIFT_OPTIMIZATION_LEVEL = "-Onone";
				SWIFT_VERSION = 3.0;
				TARGETED_DEVICE_FAMILY = "1,2";
			};
			name = Debug;
		};
		822F2A9D1C5A022900FF7A42 /* Release */ = {
			isa = XCBuildConfiguration;
			buildSettings = {
				ALWAYS_SEARCH_USER_PATHS = NO;
				CLANG_CXX_LANGUAGE_STANDARD = "gnu++0x";
				CLANG_CXX_LIBRARY = "libc++";
				CLANG_ENABLE_MODULES = YES;
				CLANG_ENABLE_OBJC_ARC = YES;
				CLANG_WARN_BOOL_CONVERSION = YES;
				CLANG_WARN_CONSTANT_CONVERSION = YES;
				CLANG_WARN_DIRECT_OBJC_ISA_USAGE = YES_ERROR;
				CLANG_WARN_EMPTY_BODY = YES;
				CLANG_WARN_ENUM_CONVERSION = YES;
				CLANG_WARN_INFINITE_RECURSION = YES;
				CLANG_WARN_INT_CONVERSION = YES;
				CLANG_WARN_OBJC_ROOT_CLASS = YES_ERROR;
				CLANG_WARN_SUSPICIOUS_MOVE = YES;
				CLANG_WARN_UNREACHABLE_CODE = YES;
				CLANG_WARN__DUPLICATE_METHOD_MATCH = YES;
				"CODE_SIGN_IDENTITY[sdk=iphoneos*]" = "iPhone Developer";
				COPY_PHASE_STRIP = NO;
				DEBUG_INFORMATION_FORMAT = "dwarf-with-dsym";
				ENABLE_NS_ASSERTIONS = NO;
				ENABLE_STRICT_OBJC_MSGSEND = YES;
				GCC_C_LANGUAGE_STANDARD = gnu99;
				GCC_NO_COMMON_BLOCKS = YES;
				GCC_WARN_64_TO_32_BIT_CONVERSION = YES;
				GCC_WARN_ABOUT_RETURN_TYPE = YES_ERROR;
				GCC_WARN_UNDECLARED_SELECTOR = YES;
				GCC_WARN_UNINITIALIZED_AUTOS = YES_AGGRESSIVE;
				GCC_WARN_UNUSED_FUNCTION = YES;
				GCC_WARN_UNUSED_VARIABLE = YES;
				IPHONEOS_DEPLOYMENT_TARGET = 9.3;
				MTL_ENABLE_DEBUG_INFO = NO;
				SDKROOT = iphoneos;
				SWIFT_OPTIMIZATION_LEVEL = "-Owholemodule";
				SWIFT_VERSION = 3.0;
				TARGETED_DEVICE_FAMILY = "1,2";
				VALIDATE_PRODUCT = YES;
			};
			name = Release;
		};
		822F2A9F1C5A022900FF7A42 /* Debug */ = {
			isa = XCBuildConfiguration;
			baseConfigurationReference = B059AC4CF30C4E949E4EEC05 /* Pods-SwiftRestModel.debug.xcconfig */;
			buildSettings = {
				ALWAYS_EMBED_SWIFT_STANDARD_LIBRARIES = YES;
				ASSETCATALOG_COMPILER_APPICON_NAME = AppIcon;
				DEVELOPMENT_TEAM = RHG7LY4898;
				FRAMEWORK_SEARCH_PATHS = "$(inherited)";
				INFOPLIST_FILE = "$(SRCROOT)/Example/Info.plist";
				IPHONEOS_DEPLOYMENT_TARGET = 9.3;
				LD_RUNPATH_SEARCH_PATHS = "$(inherited) @executable_path/Frameworks";
				PRODUCT_BUNDLE_IDENTIFIER = com.jurajhilje.SwiftRestModel;
				PRODUCT_NAME = "$(TARGET_NAME)";
				SWIFT_VERSION = 3.0;
			};
			name = Debug;
		};
		822F2AA01C5A022900FF7A42 /* Release */ = {
			isa = XCBuildConfiguration;
			baseConfigurationReference = 19C09AEB1C1D05A8E199F7BB /* Pods-SwiftRestModel.release.xcconfig */;
			buildSettings = {
				ALWAYS_EMBED_SWIFT_STANDARD_LIBRARIES = YES;
				ASSETCATALOG_COMPILER_APPICON_NAME = AppIcon;
				DEVELOPMENT_TEAM = RHG7LY4898;
				FRAMEWORK_SEARCH_PATHS = "$(inherited)";
				INFOPLIST_FILE = "$(SRCROOT)/Example/Info.plist";
				IPHONEOS_DEPLOYMENT_TARGET = 9.3;
				LD_RUNPATH_SEARCH_PATHS = "$(inherited) @executable_path/Frameworks";
				PRODUCT_BUNDLE_IDENTIFIER = com.jurajhilje.SwiftRestModel;
				PRODUCT_NAME = "$(TARGET_NAME)";
				SWIFT_VERSION = 3.0;
			};
			name = Release;
		};
/* End XCBuildConfiguration section */

/* Begin XCConfigurationList section */
		820BEE0F1C5F62660080821F /* Build configuration list for PBXNativeTarget "Tests" */ = {
			isa = XCConfigurationList;
			buildConfigurations = (
				820BEE101C5F62660080821F /* Debug */,
				820BEE111C5F62660080821F /* Release */,
			);
			defaultConfigurationIsVisible = 0;
			defaultConfigurationName = Release;
		};
		822F2A7C1C5A022900FF7A42 /* Build configuration list for PBXProject "SwiftRestModel" */ = {
			isa = XCConfigurationList;
			buildConfigurations = (
				822F2A9C1C5A022900FF7A42 /* Debug */,
				822F2A9D1C5A022900FF7A42 /* Release */,
			);
			defaultConfigurationIsVisible = 0;
			defaultConfigurationName = Release;
		};
		822F2A9E1C5A022900FF7A42 /* Build configuration list for PBXNativeTarget "SwiftRestModel" */ = {
			isa = XCConfigurationList;
			buildConfigurations = (
				822F2A9F1C5A022900FF7A42 /* Debug */,
				822F2AA01C5A022900FF7A42 /* Release */,
			);
			defaultConfigurationIsVisible = 0;
			defaultConfigurationName = Release;
		};
/* End XCConfigurationList section */
	};
	rootObject = 822F2A791C5A022900FF7A42 /* Project object */;
}
